
Microsoft Visual Studio Solution File, Format Version 12.00
# Visual Studio Version 16
VisualStudioVersion = 16.0.29613.14
MinimumVisualStudioVersion = 10.0.40219.1
Project("{FAE04EC0-301F-11D3-BF4B-00C04F79EFBC}") = "teklogin", "teklogin\teklogin.csproj", "{6DFDC9C9-613D-4449-91EE-72C3DBC2C7DD}"
EndProject
Global
	GlobalSection(SolutionConfigurationPlatforms) = preSolution
		Debug|Any CPU = Debug|Any CPU
		Release|Any CPU = Release|Any CPU
	EndGlobalSection
	GlobalSection(ProjectConfigurationPlatforms) = postSolution
		{6DFDC9C9-613D-4449-91EE-72C3DBC2C7DD}.Debug|Any CPU.ActiveCfg = Debug|Any CPU
		{6DFDC9C9-613D-4449-91EE-72C3DBC2C7DD}.Debug|Any CPU.Build.0 = Debug|Any CPU
		{6DFDC9C9-613D-4449-91EE-72C3DBC2C7DD}.Release|Any CPU.ActiveCfg = Release|Any CPU
		{6DFDC9C9-613D-4449-91EE-72C3DBC2C7DD}.Release|Any CPU.Build.0 = Release|Any CPU
	EndGlobalSection
	GlobalSection(SolutionProperties) = preSolution
		HideSolutionNode = FALSE
	EndGlobalSection
	GlobalSection(ExtensibilityGlobals) = postSolution
		SolutionGuid = {AE1921B1-882D-424B-B70D-247CB19024FF}
	EndGlobalSection
EndGlobal
